// !$*UTF8*$!
{
	archiveVersion = 1;
	classes = {
	};
	objectVersion = 56;
	objects = {

/* Begin PBXBuildFile section */
		6C01D1852A323A8200A3993F /* SDWebImageSwiftUI in Frameworks */ = {isa = PBXBuildFile; productRef = 6C01D1842A323A8200A3993F /* SDWebImageSwiftUI */; };
		6C01D18C2A32427F00A3993F /* LaunchScreenViewModel.swift in Sources */ = {isa = PBXBuildFile; fileRef = 6C01D18B2A32427F00A3993F /* LaunchScreenViewModel.swift */; };
		6C01D18F2A3246BC00A3993F /* Image+Extension.swift in Sources */ = {isa = PBXBuildFile; fileRef = 6C01D18E2A3246BC00A3993F /* Image+Extension.swift */; };
		6C01D1912A32477A00A3993F /* Color+Extension.swift in Sources */ = {isa = PBXBuildFile; fileRef = 6C01D1902A32477A00A3993F /* Color+Extension.swift */; };
		6C01D1962A33768100A3993F /* OnboardingView.swift in Sources */ = {isa = PBXBuildFile; fileRef = 6C01D1952A33768100A3993F /* OnboardingView.swift */; };
		6C01D1982A33769000A3993F /* OnboardingViewModel.swift in Sources */ = {isa = PBXBuildFile; fileRef = 6C01D1972A33769000A3993F /* OnboardingViewModel.swift */; };
		6C01D19B2A338A8100A3993F /* OnboardingModel.swift in Sources */ = {isa = PBXBuildFile; fileRef = 6C01D19A2A338A8100A3993F /* OnboardingModel.swift */; };
		6C20915F2A5829CF0072633D /* BuyTicketModel.swift in Sources */ = {isa = PBXBuildFile; fileRef = 6C20915E2A5829CF0072633D /* BuyTicketModel.swift */; };
		6C2091612A582B040072633D /* CustomProfileEmailTextField.swift in Sources */ = {isa = PBXBuildFile; fileRef = 6C2091602A582B040072633D /* CustomProfileEmailTextField.swift */; };
		6C33561D2A40768B00A5FC7D /* CustomHomeTextField.swift in Sources */ = {isa = PBXBuildFile; fileRef = 6C33561C2A40768B00A5FC7D /* CustomHomeTextField.swift */; };
		6C370B0F2A52EBF20048DDC6 /* CustomProfileTextField.swift in Sources */ = {isa = PBXBuildFile; fileRef = 6C370B0E2A52EBF20048DDC6 /* CustomProfileTextField.swift */; };
		6C370B112A52EEB10048DDC6 /* ImagePicker.swift in Sources */ = {isa = PBXBuildFile; fileRef = 6C370B102A52EEB10048DDC6 /* ImagePicker.swift */; };
		6C5056F92A374A2900D11302 /* CreateAccountModel.swift in Sources */ = {isa = PBXBuildFile; fileRef = 6C5056F82A374A2900D11302 /* CreateAccountModel.swift */; };
		6C5056FF2A3754B400D11302 /* LoginView.swift in Sources */ = {isa = PBXBuildFile; fileRef = 6C5056FE2A3754B400D11302 /* LoginView.swift */; };
		6C5057012A3754C500D11302 /* LoginViewModel.swift in Sources */ = {isa = PBXBuildFile; fileRef = 6C5057002A3754C500D11302 /* LoginViewModel.swift */; };
		6C5665292A323678002BFBDB /* SkyPlaneApp.swift in Sources */ = {isa = PBXBuildFile; fileRef = 6C5665282A323678002BFBDB /* SkyPlaneApp.swift */; };
		6C56652B2A323678002BFBDB /* LaunchScreenView.swift in Sources */ = {isa = PBXBuildFile; fileRef = 6C56652A2A323678002BFBDB /* LaunchScreenView.swift */; };
		6C56652D2A323679002BFBDB /* Assets.xcassets in Resources */ = {isa = PBXBuildFile; fileRef = 6C56652C2A323679002BFBDB /* Assets.xcassets */; };
		6C5665302A323679002BFBDB /* Preview Assets.xcassets in Resources */ = {isa = PBXBuildFile; fileRef = 6C56652F2A323679002BFBDB /* Preview Assets.xcassets */; };
		6C5665382A323766002BFBDB /* FirebaseAnalytics in Frameworks */ = {isa = PBXBuildFile; productRef = 6C5665372A323766002BFBDB /* FirebaseAnalytics */; };
		6C56653A2A323766002BFBDB /* FirebaseAnalyticsOnDeviceConversion in Frameworks */ = {isa = PBXBuildFile; productRef = 6C5665392A323766002BFBDB /* FirebaseAnalyticsOnDeviceConversion */; };
		6C56653C2A323766002BFBDB /* FirebaseAnalyticsSwift in Frameworks */ = {isa = PBXBuildFile; productRef = 6C56653B2A323766002BFBDB /* FirebaseAnalyticsSwift */; };
		6C56653E2A323766002BFBDB /* FirebaseAnalyticsWithoutAdIdSupport in Frameworks */ = {isa = PBXBuildFile; productRef = 6C56653D2A323766002BFBDB /* FirebaseAnalyticsWithoutAdIdSupport */; };
		6C5665402A323766002BFBDB /* FirebaseAppCheck in Frameworks */ = {isa = PBXBuildFile; productRef = 6C56653F2A323766002BFBDB /* FirebaseAppCheck */; };
		6C5665422A323766002BFBDB /* FirebaseAppDistribution-Beta in Frameworks */ = {isa = PBXBuildFile; productRef = 6C5665412A323766002BFBDB /* FirebaseAppDistribution-Beta */; };
		6C5665442A323766002BFBDB /* FirebaseAuth in Frameworks */ = {isa = PBXBuildFile; productRef = 6C5665432A323766002BFBDB /* FirebaseAuth */; };
		6C5665462A323766002BFBDB /* FirebaseAuthCombine-Community in Frameworks */ = {isa = PBXBuildFile; productRef = 6C5665452A323766002BFBDB /* FirebaseAuthCombine-Community */; };
		6C5665482A323766002BFBDB /* FirebaseCrashlytics in Frameworks */ = {isa = PBXBuildFile; productRef = 6C5665472A323766002BFBDB /* FirebaseCrashlytics */; };
		6C56654A2A323766002BFBDB /* FirebaseDatabase in Frameworks */ = {isa = PBXBuildFile; productRef = 6C5665492A323766002BFBDB /* FirebaseDatabase */; };
		6C56654C2A323766002BFBDB /* FirebaseDatabaseSwift in Frameworks */ = {isa = PBXBuildFile; productRef = 6C56654B2A323766002BFBDB /* FirebaseDatabaseSwift */; };
		6C56654E2A323766002BFBDB /* FirebaseDynamicLinks in Frameworks */ = {isa = PBXBuildFile; productRef = 6C56654D2A323766002BFBDB /* FirebaseDynamicLinks */; };
		6C5665502A323766002BFBDB /* FirebaseFirestore in Frameworks */ = {isa = PBXBuildFile; productRef = 6C56654F2A323766002BFBDB /* FirebaseFirestore */; };
		6C5665522A323766002BFBDB /* FirebaseFirestoreCombine-Community in Frameworks */ = {isa = PBXBuildFile; productRef = 6C5665512A323766002BFBDB /* FirebaseFirestoreCombine-Community */; };
		6C5665542A323766002BFBDB /* FirebaseFirestoreSwift in Frameworks */ = {isa = PBXBuildFile; productRef = 6C5665532A323766002BFBDB /* FirebaseFirestoreSwift */; };
		6C5665562A323766002BFBDB /* FirebaseFunctions in Frameworks */ = {isa = PBXBuildFile; productRef = 6C5665552A323766002BFBDB /* FirebaseFunctions */; };
		6C5665582A323766002BFBDB /* FirebaseFunctionsCombine-Community in Frameworks */ = {isa = PBXBuildFile; productRef = 6C5665572A323766002BFBDB /* FirebaseFunctionsCombine-Community */; };
		6C56655A2A323766002BFBDB /* FirebaseInAppMessaging-Beta in Frameworks */ = {isa = PBXBuildFile; productRef = 6C5665592A323766002BFBDB /* FirebaseInAppMessaging-Beta */; };
		6C56655C2A323766002BFBDB /* FirebaseInAppMessagingSwift-Beta in Frameworks */ = {isa = PBXBuildFile; productRef = 6C56655B2A323766002BFBDB /* FirebaseInAppMessagingSwift-Beta */; };
		6C56655E2A323766002BFBDB /* FirebaseInstallations in Frameworks */ = {isa = PBXBuildFile; productRef = 6C56655D2A323766002BFBDB /* FirebaseInstallations */; };
		6C5665602A323766002BFBDB /* FirebaseMLModelDownloader in Frameworks */ = {isa = PBXBuildFile; productRef = 6C56655F2A323766002BFBDB /* FirebaseMLModelDownloader */; };
		6C5665622A323766002BFBDB /* FirebaseMessaging in Frameworks */ = {isa = PBXBuildFile; productRef = 6C5665612A323766002BFBDB /* FirebaseMessaging */; };
		6C5665642A323766002BFBDB /* FirebasePerformance in Frameworks */ = {isa = PBXBuildFile; productRef = 6C5665632A323766002BFBDB /* FirebasePerformance */; };
		6C5665662A323766002BFBDB /* FirebaseRemoteConfig in Frameworks */ = {isa = PBXBuildFile; productRef = 6C5665652A323766002BFBDB /* FirebaseRemoteConfig */; };
		6C5665682A323766002BFBDB /* FirebaseRemoteConfigSwift in Frameworks */ = {isa = PBXBuildFile; productRef = 6C5665672A323766002BFBDB /* FirebaseRemoteConfigSwift */; };
		6C56656A2A323766002BFBDB /* FirebaseStorage in Frameworks */ = {isa = PBXBuildFile; productRef = 6C5665692A323766002BFBDB /* FirebaseStorage */; };
		6C56656C2A323766002BFBDB /* FirebaseStorageCombine-Community in Frameworks */ = {isa = PBXBuildFile; productRef = 6C56656B2A323766002BFBDB /* FirebaseStorageCombine-Community */; };
		6C56656F2A3237E1002BFBDB /* Alamofire in Frameworks */ = {isa = PBXBuildFile; productRef = 6C56656E2A3237E1002BFBDB /* Alamofire */; };
		6C5665722A323810002BFBDB /* GoogleSignIn in Frameworks */ = {isa = PBXBuildFile; productRef = 6C5665712A323810002BFBDB /* GoogleSignIn */; };
		6C5665742A323810002BFBDB /* GoogleSignInSwift in Frameworks */ = {isa = PBXBuildFile; productRef = 6C5665732A323810002BFBDB /* GoogleSignInSwift */; };
		6C5665772A323837002BFBDB /* GoogleMaps in Frameworks */ = {isa = PBXBuildFile; productRef = 6C5665762A323837002BFBDB /* GoogleMaps */; };
		6C7E30082A37846300456564 /* CustomSectionTextField.swift in Sources */ = {isa = PBXBuildFile; fileRef = 6C7E30072A37846300456564 /* CustomSectionTextField.swift */; };
		6C7E300A2A3786B600456564 /* CustomSectionTextFieldPassword.swift in Sources */ = {isa = PBXBuildFile; fileRef = 6C7E30092A3786B600456564 /* CustomSectionTextFieldPassword.swift */; };
		6C7E300E2A37894000456564 /* TabBarView.swift in Sources */ = {isa = PBXBuildFile; fileRef = 6C7E300D2A37894000456564 /* TabBarView.swift */; };
		6C85017B2A4F093600194678 /* ProfileView.swift in Sources */ = {isa = PBXBuildFile; fileRef = 6C85017A2A4F093600194678 /* ProfileView.swift */; };
		6C85017D2A4F096000194678 /* ProfileViewModel.swift in Sources */ = {isa = PBXBuildFile; fileRef = 6C85017C2A4F096000194678 /* ProfileViewModel.swift */; };
		6C876D9A2A39E4410087C137 /* Constants.swift in Sources */ = {isa = PBXBuildFile; fileRef = 6C876D992A39E4410087C137 /* Constants.swift */; };
		6C876D9C2A39E4BA0087C137 /* AlamofireProvider.swift in Sources */ = {isa = PBXBuildFile; fileRef = 6C876D9B2A39E4BA0087C137 /* AlamofireProvider.swift */; };
		6C876D9F2A39E87C0087C137 /* CoordinateModel.swift in Sources */ = {isa = PBXBuildFile; fileRef = 6C876D9E2A39E87C0087C137 /* CoordinateModel.swift */; };
		6C876DA12A39E8B60087C137 /* WeatherModel.swift in Sources */ = {isa = PBXBuildFile; fileRef = 6C876DA02A39E8B60087C137 /* WeatherModel.swift */; };
		6C876DA62A39ED530087C137 /* HomeViewModel.swift in Sources */ = {isa = PBXBuildFile; fileRef = 6C876DA52A39ED530087C137 /* HomeViewModel.swift */; };
		6C876DA82A39ED5E0087C137 /* HomeView.swift in Sources */ = {isa = PBXBuildFile; fileRef = 6C876DA72A39ED5E0087C137 /* HomeView.swift */; };
		6C876DAD2A39F4CA0087C137 /* WeatherViewModel.swift in Sources */ = {isa = PBXBuildFile; fileRef = 6C876DAC2A39F4CA0087C137 /* WeatherViewModel.swift */; };
		6C876DAF2A39F4E10087C137 /* WeatherView.swift in Sources */ = {isa = PBXBuildFile; fileRef = 6C876DAE2A39F4E10087C137 /* WeatherView.swift */; };
		6C876DB12A3AF8290087C137 /* FlightModel.swift in Sources */ = {isa = PBXBuildFile; fileRef = 6C876DB02A3AF8290087C137 /* FlightModel.swift */; };
		6C87EE822A399CFE0078B98E /* CustomButtonOnTabBar.swift in Sources */ = {isa = PBXBuildFile; fileRef = 6C87EE812A399CFD0078B98E /* CustomButtonOnTabBar.swift */; };
		6C89E2B82A5597A200184823 /* CustomHourlyWeatherCell.swift in Sources */ = {isa = PBXBuildFile; fileRef = 6C89E2B72A5597A200184823 /* CustomHourlyWeatherCell.swift */; };
		6C89E2BB2A55A85F00184823 /* CurrentWeatherModel.swift in Sources */ = {isa = PBXBuildFile; fileRef = 6C89E2BA2A55A85F00184823 /* CurrentWeatherModel.swift */; };
		6C89E2BD2A55A94D00184823 /* DailyWeatherModel.swift in Sources */ = {isa = PBXBuildFile; fileRef = 6C89E2BC2A55A94D00184823 /* DailyWeatherModel.swift */; };
		6C89E2BF2A55C15800184823 /* CustomDailyWeatherCell.swift in Sources */ = {isa = PBXBuildFile; fileRef = 6C89E2BE2A55C15800184823 /* CustomDailyWeatherCell.swift */; };
		6C915FEF2A33AE8B001C8B7F /* CreateAccountView.swift in Sources */ = {isa = PBXBuildFile; fileRef = 6C915FEE2A33AE8B001C8B7F /* CreateAccountView.swift */; };
		6C915FF12A33AEAB001C8B7F /* CreateAccountViewModel.swift in Sources */ = {isa = PBXBuildFile; fileRef = 6C915FF02A33AEAB001C8B7F /* CreateAccountViewModel.swift */; };
		6C9197F52A5050CE00232668 /* CustomProfileButton.swift in Sources */ = {isa = PBXBuildFile; fileRef = 6C9197F42A5050CE00232668 /* CustomProfileButton.swift */; };
		6C9197FA2A50539B00232668 /* EditProfileView.swift in Sources */ = {isa = PBXBuildFile; fileRef = 6C9197F92A50539B00232668 /* EditProfileView.swift */; };
		6C9197FD2A5053C100232668 /* EditProfileViewModel.swift in Sources */ = {isa = PBXBuildFile; fileRef = 6C9197FC2A5053C100232668 /* EditProfileViewModel.swift */; };
		6C9198032A50548300232668 /* MyTicketsView.swift in Sources */ = {isa = PBXBuildFile; fileRef = 6C9198022A50548300232668 /* MyTicketsView.swift */; };
		6C9198052A50549700232668 /* MyTicketsViewModel.swift in Sources */ = {isa = PBXBuildFile; fileRef = 6C9198042A50549700232668 /* MyTicketsViewModel.swift */; };
		6C9198092A50555100232668 /* PrivacyPoliceView.swift in Sources */ = {isa = PBXBuildFile; fileRef = 6C9198082A50555100232668 /* PrivacyPoliceView.swift */; };
		6C91980D2A50559900232668 /* TermsConditionsView.swift in Sources */ = {isa = PBXBuildFile; fileRef = 6C91980C2A50559800232668 /* TermsConditionsView.swift */; };
		6C97EA012A4CAA89001C550E /* BuyTicketViewModel.swift in Sources */ = {isa = PBXBuildFile; fileRef = 6C97EA002A4CAA89001C550E /* BuyTicketViewModel.swift */; };
		6C97EA032A4CAABF001C550E /* BuyTicketView.swift in Sources */ = {isa = PBXBuildFile; fileRef = 6C97EA022A4CAABF001C550E /* BuyTicketView.swift */; };
		6CA457A52A53194B00ADAACD /* PaymentView.swift in Sources */ = {isa = PBXBuildFile; fileRef = 6CA457A42A53194B00ADAACD /* PaymentView.swift */; };
		6CA457A72A53195400ADAACD /* PaymentViewModel.swift in Sources */ = {isa = PBXBuildFile; fileRef = 6CA457A62A53195400ADAACD /* PaymentViewModel.swift */; };
		6CA9174E2A44B910009A2E02 /* CustomPopularTicketCell.swift in Sources */ = {isa = PBXBuildFile; fileRef = 6CA9174D2A44B910009A2E02 /* CustomPopularTicketCell.swift */; };
		6CA9677C2A54847D00A866E3 /* TabBarViewModel.swift in Sources */ = {isa = PBXBuildFile; fileRef = 6CA9677B2A54847D00A866E3 /* TabBarViewModel.swift */; };
		6CAFA7832A33B0BB0014BF71 /* FirebaseManager.swift in Sources */ = {isa = PBXBuildFile; fileRef = 6CAFA7822A33B0BB0014BF71 /* FirebaseManager.swift */; };
		6CAFA7852A33B31B0014BF71 /* GoogleService-Info.plist in Resources */ = {isa = PBXBuildFile; fileRef = 6CAFA7842A33B31A0014BF71 /* GoogleService-Info.plist */; };
		6CB11C8A2A4DFFFA0071CB57 /* CustomSelectClass.swift in Sources */ = {isa = PBXBuildFile; fileRef = 6CB11C892A4DFFFA0071CB57 /* CustomSelectClass.swift */; };
		6CB15B952A3CE30A0027E2EA /* PopularFlightModel.swift in Sources */ = {isa = PBXBuildFile; fileRef = 6CB15B942A3CE30A0027E2EA /* PopularFlightModel.swift */; };
		6CB5D0E42A45FC9D004C5A25 /* PopularFlightView.swift in Sources */ = {isa = PBXBuildFile; fileRef = 6CB5D0E32A45FC9D004C5A25 /* PopularFlightView.swift */; };
		6CB5D0E62A45FCCA004C5A25 /* PopularFlightViewModel.swift in Sources */ = {isa = PBXBuildFile; fileRef = 6CB5D0E52A45FCCA004C5A25 /* PopularFlightViewModel.swift */; };
		6CCC86072A55F830001F064F /* MapView.swift in Sources */ = {isa = PBXBuildFile; fileRef = 6CCC86062A55F830001F064F /* MapView.swift */; };
		6CCED0972A569AA2004F40FB /* Double+Extension.swift in Sources */ = {isa = PBXBuildFile; fileRef = 6CCED0962A569AA2004F40FB /* Double+Extension.swift */; };
		6CD3E2792A40BD0200994E9F /* CustomDatePickerTextField.swift in Sources */ = {isa = PBXBuildFile; fileRef = 6CD3E2782A40BD0200994E9F /* CustomDatePickerTextField.swift */; };
		6CD3E27C2A418B0A00994E9F /* CustomPassengerAndClassTextField.swift in Sources */ = {isa = PBXBuildFile; fileRef = 6CD3E27B2A418B0A00994E9F /* CustomPassengerAndClassTextField.swift */; };
		6CD874DE2A533EB000EE64EE /* BoordingPassView.swift in Sources */ = {isa = PBXBuildFile; fileRef = 6CD874DD2A533EB000EE64EE /* BoordingPassView.swift */; };
		6CD874E02A533EC300EE64EE /* BoordingPassViewModel.swift in Sources */ = {isa = PBXBuildFile; fileRef = 6CD874DF2A533EC300EE64EE /* BoordingPassViewModel.swift */; };
		6CD874E22A53FA3300EE64EE /* Date+Extension.swift in Sources */ = {isa = PBXBuildFile; fileRef = 6CD874E12A53FA3200EE64EE /* Date+Extension.swift */; };
		6CE3B3A22A42328800E2FBCC /* Autocomplete.swift in Sources */ = {isa = PBXBuildFile; fileRef = 6CE3B3A12A42328800E2FBCC /* Autocomplete.swift */; };
		6CE3B3A62A43115D00E2FBCC /* TicketsFoundViewModel.swift in Sources */ = {isa = PBXBuildFile; fileRef = 6CE3B3A52A43115D00E2FBCC /* TicketsFoundViewModel.swift */; };
		6CE3B3A92A43117400E2FBCC /* TicketsFoundView.swift in Sources */ = {isa = PBXBuildFile; fileRef = 6CE3B3A82A43117400E2FBCC /* TicketsFoundView.swift */; };
		6CEB60672A4A2172004345E6 /* PopularFlightInfoModel.swift in Sources */ = {isa = PBXBuildFile; fileRef = 6CEB60662A4A2172004345E6 /* PopularFlightInfoModel.swift */; };
		6CEB60692A4AB424004345E6 /* String+Extension.swift in Sources */ = {isa = PBXBuildFile; fileRef = 6CEB60682A4AB424004345E6 /* String+Extension.swift */; };
		6CEB606B2A4AB4EE004345E6 /* Int+Extension.swift in Sources */ = {isa = PBXBuildFile; fileRef = 6CEB606A2A4AB4EE004345E6 /* Int+Extension.swift */; };
		6CEB606E2A4B177B004345E6 /* TicketsFoundModel.swift in Sources */ = {isa = PBXBuildFile; fileRef = 6CEB606D2A4B177B004345E6 /* TicketsFoundModel.swift */; };
		6CEB60702A4C02D4004345E6 /* CustomTicketsFoundCell.swift in Sources */ = {isa = PBXBuildFile; fileRef = 6CEB606F2A4C02D4004345E6 /* CustomTicketsFoundCell.swift */; };
/* End PBXBuildFile section */

/* Begin PBXFileReference section */
		6C01D18B2A32427F00A3993F /* LaunchScreenViewModel.swift */ = {isa = PBXFileReference; lastKnownFileType = sourcecode.swift; path = LaunchScreenViewModel.swift; sourceTree = "<group>"; };
		6C01D18E2A3246BC00A3993F /* Image+Extension.swift */ = {isa = PBXFileReference; lastKnownFileType = sourcecode.swift; path = "Image+Extension.swift"; sourceTree = "<group>"; };
		6C01D1902A32477A00A3993F /* Color+Extension.swift */ = {isa = PBXFileReference; lastKnownFileType = sourcecode.swift; path = "Color+Extension.swift"; sourceTree = "<group>"; };
		6C01D1952A33768100A3993F /* OnboardingView.swift */ = {isa = PBXFileReference; lastKnownFileType = sourcecode.swift; path = OnboardingView.swift; sourceTree = "<group>"; };
		6C01D1972A33769000A3993F /* OnboardingViewModel.swift */ = {isa = PBXFileReference; lastKnownFileType = sourcecode.swift; path = OnboardingViewModel.swift; sourceTree = "<group>"; };
		6C01D19A2A338A8100A3993F /* OnboardingModel.swift */ = {isa = PBXFileReference; lastKnownFileType = sourcecode.swift; path = OnboardingModel.swift; sourceTree = "<group>"; };
		6C20915E2A5829CF0072633D /* BuyTicketModel.swift */ = {isa = PBXFileReference; lastKnownFileType = sourcecode.swift; path = BuyTicketModel.swift; sourceTree = "<group>"; };
		6C2091602A582B040072633D /* CustomProfileEmailTextField.swift */ = {isa = PBXFileReference; lastKnownFileType = sourcecode.swift; path = CustomProfileEmailTextField.swift; sourceTree = "<group>"; };
		6C33561C2A40768B00A5FC7D /* CustomHomeTextField.swift */ = {isa = PBXFileReference; lastKnownFileType = sourcecode.swift; path = CustomHomeTextField.swift; sourceTree = "<group>"; };
		6C370B0E2A52EBF20048DDC6 /* CustomProfileTextField.swift */ = {isa = PBXFileReference; lastKnownFileType = sourcecode.swift; path = CustomProfileTextField.swift; sourceTree = "<group>"; };
		6C370B102A52EEB10048DDC6 /* ImagePicker.swift */ = {isa = PBXFileReference; lastKnownFileType = sourcecode.swift; path = ImagePicker.swift; sourceTree = "<group>"; };
		6C5056F82A374A2900D11302 /* CreateAccountModel.swift */ = {isa = PBXFileReference; lastKnownFileType = sourcecode.swift; path = CreateAccountModel.swift; sourceTree = "<group>"; };
		6C5056FE2A3754B400D11302 /* LoginView.swift */ = {isa = PBXFileReference; lastKnownFileType = sourcecode.swift; path = LoginView.swift; sourceTree = "<group>"; };
		6C5057002A3754C500D11302 /* LoginViewModel.swift */ = {isa = PBXFileReference; lastKnownFileType = sourcecode.swift; path = LoginViewModel.swift; sourceTree = "<group>"; };
		6C5665252A323678002BFBDB /* SkyPlane.app */ = {isa = PBXFileReference; explicitFileType = wrapper.application; includeInIndex = 0; path = SkyPlane.app; sourceTree = BUILT_PRODUCTS_DIR; };
		6C5665282A323678002BFBDB /* SkyPlaneApp.swift */ = {isa = PBXFileReference; lastKnownFileType = sourcecode.swift; path = SkyPlaneApp.swift; sourceTree = "<group>"; };
		6C56652A2A323678002BFBDB /* LaunchScreenView.swift */ = {isa = PBXFileReference; lastKnownFileType = sourcecode.swift; path = LaunchScreenView.swift; sourceTree = "<group>"; };
		6C56652C2A323679002BFBDB /* Assets.xcassets */ = {isa = PBXFileReference; lastKnownFileType = folder.assetcatalog; path = Assets.xcassets; sourceTree = "<group>"; };
		6C56652F2A323679002BFBDB /* Preview Assets.xcassets */ = {isa = PBXFileReference; lastKnownFileType = folder.assetcatalog; path = "Preview Assets.xcassets"; sourceTree = "<group>"; };
		6C7E30072A37846300456564 /* CustomSectionTextField.swift */ = {isa = PBXFileReference; lastKnownFileType = sourcecode.swift; path = CustomSectionTextField.swift; sourceTree = "<group>"; };
		6C7E30092A3786B600456564 /* CustomSectionTextFieldPassword.swift */ = {isa = PBXFileReference; lastKnownFileType = sourcecode.swift; path = CustomSectionTextFieldPassword.swift; sourceTree = "<group>"; };
		6C7E300D2A37894000456564 /* TabBarView.swift */ = {isa = PBXFileReference; lastKnownFileType = sourcecode.swift; path = TabBarView.swift; sourceTree = "<group>"; };
		6C85017A2A4F093600194678 /* ProfileView.swift */ = {isa = PBXFileReference; lastKnownFileType = sourcecode.swift; path = ProfileView.swift; sourceTree = "<group>"; };
		6C85017C2A4F096000194678 /* ProfileViewModel.swift */ = {isa = PBXFileReference; lastKnownFileType = sourcecode.swift; path = ProfileViewModel.swift; sourceTree = "<group>"; };
		6C876D992A39E4410087C137 /* Constants.swift */ = {isa = PBXFileReference; lastKnownFileType = sourcecode.swift; path = Constants.swift; sourceTree = "<group>"; };
		6C876D9B2A39E4BA0087C137 /* AlamofireProvider.swift */ = {isa = PBXFileReference; lastKnownFileType = sourcecode.swift; path = AlamofireProvider.swift; sourceTree = "<group>"; };
		6C876D9E2A39E87C0087C137 /* CoordinateModel.swift */ = {isa = PBXFileReference; lastKnownFileType = sourcecode.swift; path = CoordinateModel.swift; sourceTree = "<group>"; };
		6C876DA02A39E8B60087C137 /* WeatherModel.swift */ = {isa = PBXFileReference; lastKnownFileType = sourcecode.swift; path = WeatherModel.swift; sourceTree = "<group>"; };
		6C876DA52A39ED530087C137 /* HomeViewModel.swift */ = {isa = PBXFileReference; lastKnownFileType = sourcecode.swift; path = HomeViewModel.swift; sourceTree = "<group>"; };
		6C876DA72A39ED5E0087C137 /* HomeView.swift */ = {isa = PBXFileReference; lastKnownFileType = sourcecode.swift; path = HomeView.swift; sourceTree = "<group>"; };
		6C876DAC2A39F4CA0087C137 /* WeatherViewModel.swift */ = {isa = PBXFileReference; lastKnownFileType = sourcecode.swift; path = WeatherViewModel.swift; sourceTree = "<group>"; };
		6C876DAE2A39F4E10087C137 /* WeatherView.swift */ = {isa = PBXFileReference; lastKnownFileType = sourcecode.swift; path = WeatherView.swift; sourceTree = "<group>"; };
		6C876DB02A3AF8290087C137 /* FlightModel.swift */ = {isa = PBXFileReference; lastKnownFileType = sourcecode.swift; path = FlightModel.swift; sourceTree = "<group>"; };
		6C87EE812A399CFD0078B98E /* CustomButtonOnTabBar.swift */ = {isa = PBXFileReference; lastKnownFileType = sourcecode.swift; path = CustomButtonOnTabBar.swift; sourceTree = "<group>"; };
		6C89E2B72A5597A200184823 /* CustomHourlyWeatherCell.swift */ = {isa = PBXFileReference; lastKnownFileType = sourcecode.swift; path = CustomHourlyWeatherCell.swift; sourceTree = "<group>"; };
		6C89E2BA2A55A85F00184823 /* CurrentWeatherModel.swift */ = {isa = PBXFileReference; lastKnownFileType = sourcecode.swift; path = CurrentWeatherModel.swift; sourceTree = "<group>"; };
		6C89E2BC2A55A94D00184823 /* DailyWeatherModel.swift */ = {isa = PBXFileReference; lastKnownFileType = sourcecode.swift; path = DailyWeatherModel.swift; sourceTree = "<group>"; };
		6C89E2BE2A55C15800184823 /* CustomDailyWeatherCell.swift */ = {isa = PBXFileReference; lastKnownFileType = sourcecode.swift; path = CustomDailyWeatherCell.swift; sourceTree = "<group>"; };
		6C915FEA2A339AED001C8B7F /* Info.plist */ = {isa = PBXFileReference; lastKnownFileType = text.plist.xml; path = Info.plist; sourceTree = "<group>"; };
		6C915FEE2A33AE8B001C8B7F /* CreateAccountView.swift */ = {isa = PBXFileReference; lastKnownFileType = sourcecode.swift; path = CreateAccountView.swift; sourceTree = "<group>"; };
		6C915FF02A33AEAB001C8B7F /* CreateAccountViewModel.swift */ = {isa = PBXFileReference; lastKnownFileType = sourcecode.swift; path = CreateAccountViewModel.swift; sourceTree = "<group>"; };
		6C9197F42A5050CE00232668 /* CustomProfileButton.swift */ = {isa = PBXFileReference; lastKnownFileType = sourcecode.swift; path = CustomProfileButton.swift; sourceTree = "<group>"; };
		6C9197F92A50539B00232668 /* EditProfileView.swift */ = {isa = PBXFileReference; lastKnownFileType = sourcecode.swift; path = EditProfileView.swift; sourceTree = "<group>"; };
		6C9197FC2A5053C100232668 /* EditProfileViewModel.swift */ = {isa = PBXFileReference; lastKnownFileType = sourcecode.swift; path = EditProfileViewModel.swift; sourceTree = "<group>"; };
		6C9198022A50548300232668 /* MyTicketsView.swift */ = {isa = PBXFileReference; lastKnownFileType = sourcecode.swift; path = MyTicketsView.swift; sourceTree = "<group>"; };
		6C9198042A50549700232668 /* MyTicketsViewModel.swift */ = {isa = PBXFileReference; lastKnownFileType = sourcecode.swift; path = MyTicketsViewModel.swift; sourceTree = "<group>"; };
		6C9198082A50555100232668 /* PrivacyPoliceView.swift */ = {isa = PBXFileReference; lastKnownFileType = sourcecode.swift; path = PrivacyPoliceView.swift; sourceTree = "<group>"; };
		6C91980C2A50559800232668 /* TermsConditionsView.swift */ = {isa = PBXFileReference; lastKnownFileType = sourcecode.swift; path = TermsConditionsView.swift; sourceTree = "<group>"; };
		6C97EA002A4CAA89001C550E /* BuyTicketViewModel.swift */ = {isa = PBXFileReference; lastKnownFileType = sourcecode.swift; path = BuyTicketViewModel.swift; sourceTree = "<group>"; };
		6C97EA022A4CAABF001C550E /* BuyTicketView.swift */ = {isa = PBXFileReference; lastKnownFileType = sourcecode.swift; path = BuyTicketView.swift; sourceTree = "<group>"; };
		6CA457A42A53194B00ADAACD /* PaymentView.swift */ = {isa = PBXFileReference; lastKnownFileType = sourcecode.swift; path = PaymentView.swift; sourceTree = "<group>"; };
		6CA457A62A53195400ADAACD /* PaymentViewModel.swift */ = {isa = PBXFileReference; lastKnownFileType = sourcecode.swift; path = PaymentViewModel.swift; sourceTree = "<group>"; };
		6CA9174D2A44B910009A2E02 /* CustomPopularTicketCell.swift */ = {isa = PBXFileReference; lastKnownFileType = sourcecode.swift; path = CustomPopularTicketCell.swift; sourceTree = "<group>"; };
		6CA9677B2A54847D00A866E3 /* TabBarViewModel.swift */ = {isa = PBXFileReference; lastKnownFileType = sourcecode.swift; path = TabBarViewModel.swift; sourceTree = "<group>"; };
		6CAFA7822A33B0BB0014BF71 /* FirebaseManager.swift */ = {isa = PBXFileReference; lastKnownFileType = sourcecode.swift; path = FirebaseManager.swift; sourceTree = "<group>"; };
		6CAFA7842A33B31A0014BF71 /* GoogleService-Info.plist */ = {isa = PBXFileReference; fileEncoding = 4; lastKnownFileType = text.plist.xml; path = "GoogleService-Info.plist"; sourceTree = "<group>"; };
		6CB11C892A4DFFFA0071CB57 /* CustomSelectClass.swift */ = {isa = PBXFileReference; lastKnownFileType = sourcecode.swift; path = CustomSelectClass.swift; sourceTree = "<group>"; };
		6CB15B942A3CE30A0027E2EA /* PopularFlightModel.swift */ = {isa = PBXFileReference; lastKnownFileType = sourcecode.swift; path = PopularFlightModel.swift; sourceTree = "<group>"; };
		6CB5D0E32A45FC9D004C5A25 /* PopularFlightView.swift */ = {isa = PBXFileReference; lastKnownFileType = sourcecode.swift; path = PopularFlightView.swift; sourceTree = "<group>"; };
		6CB5D0E52A45FCCA004C5A25 /* PopularFlightViewModel.swift */ = {isa = PBXFileReference; lastKnownFileType = sourcecode.swift; path = PopularFlightViewModel.swift; sourceTree = "<group>"; };
		6CCC86062A55F830001F064F /* MapView.swift */ = {isa = PBXFileReference; lastKnownFileType = sourcecode.swift; path = MapView.swift; sourceTree = "<group>"; };
		6CCED0962A569AA2004F40FB /* Double+Extension.swift */ = {isa = PBXFileReference; lastKnownFileType = sourcecode.swift; path = "Double+Extension.swift"; sourceTree = "<group>"; };
		6CD3E2782A40BD0200994E9F /* CustomDatePickerTextField.swift */ = {isa = PBXFileReference; lastKnownFileType = sourcecode.swift; path = CustomDatePickerTextField.swift; sourceTree = "<group>"; };
		6CD3E27B2A418B0A00994E9F /* CustomPassengerAndClassTextField.swift */ = {isa = PBXFileReference; lastKnownFileType = sourcecode.swift; path = CustomPassengerAndClassTextField.swift; sourceTree = "<group>"; };
		6CD874DD2A533EB000EE64EE /* BoordingPassView.swift */ = {isa = PBXFileReference; lastKnownFileType = sourcecode.swift; path = BoordingPassView.swift; sourceTree = "<group>"; };
		6CD874DF2A533EC300EE64EE /* BoordingPassViewModel.swift */ = {isa = PBXFileReference; lastKnownFileType = sourcecode.swift; path = BoordingPassViewModel.swift; sourceTree = "<group>"; };
		6CD874E12A53FA3200EE64EE /* Date+Extension.swift */ = {isa = PBXFileReference; lastKnownFileType = sourcecode.swift; path = "Date+Extension.swift"; sourceTree = "<group>"; };
		6CE3B3A12A42328800E2FBCC /* Autocomplete.swift */ = {isa = PBXFileReference; lastKnownFileType = sourcecode.swift; path = Autocomplete.swift; sourceTree = "<group>"; };
		6CE3B3A52A43115D00E2FBCC /* TicketsFoundViewModel.swift */ = {isa = PBXFileReference; lastKnownFileType = sourcecode.swift; path = TicketsFoundViewModel.swift; sourceTree = "<group>"; };
		6CE3B3A82A43117400E2FBCC /* TicketsFoundView.swift */ = {isa = PBXFileReference; lastKnownFileType = sourcecode.swift; path = TicketsFoundView.swift; sourceTree = "<group>"; };
		6CEB60662A4A2172004345E6 /* PopularFlightInfoModel.swift */ = {isa = PBXFileReference; lastKnownFileType = sourcecode.swift; path = PopularFlightInfoModel.swift; sourceTree = "<group>"; };
		6CEB60682A4AB424004345E6 /* String+Extension.swift */ = {isa = PBXFileReference; lastKnownFileType = sourcecode.swift; path = "String+Extension.swift"; sourceTree = "<group>"; };
		6CEB606A2A4AB4EE004345E6 /* Int+Extension.swift */ = {isa = PBXFileReference; lastKnownFileType = sourcecode.swift; path = "Int+Extension.swift"; sourceTree = "<group>"; };
		6CEB606D2A4B177B004345E6 /* TicketsFoundModel.swift */ = {isa = PBXFileReference; lastKnownFileType = sourcecode.swift; path = TicketsFoundModel.swift; sourceTree = "<group>"; };
		6CEB606F2A4C02D4004345E6 /* CustomTicketsFoundCell.swift */ = {isa = PBXFileReference; lastKnownFileType = sourcecode.swift; path = CustomTicketsFoundCell.swift; sourceTree = "<group>"; };
/* End PBXFileReference section */

/* Begin PBXFrameworksBuildPhase section */
		6C5665222A323678002BFBDB /* Frameworks */ = {
			isa = PBXFrameworksBuildPhase;
			buildActionMask = 2147483647;
			files = (
				6C56654A2A323766002BFBDB /* FirebaseDatabase in Frameworks */,
				6C56656F2A3237E1002BFBDB /* Alamofire in Frameworks */,
				6C5665582A323766002BFBDB /* FirebaseFunctionsCombine-Community in Frameworks */,
				6C5665502A323766002BFBDB /* FirebaseFirestore in Frameworks */,
				6C56653C2A323766002BFBDB /* FirebaseAnalyticsSwift in Frameworks */,
				6C5665382A323766002BFBDB /* FirebaseAnalytics in Frameworks */,
				6C56653A2A323766002BFBDB /* FirebaseAnalyticsOnDeviceConversion in Frameworks */,
				6C5665602A323766002BFBDB /* FirebaseMLModelDownloader in Frameworks */,
				6C5665542A323766002BFBDB /* FirebaseFirestoreSwift in Frameworks */,
				6C5665722A323810002BFBDB /* GoogleSignIn in Frameworks */,
				6C5665772A323837002BFBDB /* GoogleMaps in Frameworks */,
				6C5665402A323766002BFBDB /* FirebaseAppCheck in Frameworks */,
				6C56653E2A323766002BFBDB /* FirebaseAnalyticsWithoutAdIdSupport in Frameworks */,
				6C5665442A323766002BFBDB /* FirebaseAuth in Frameworks */,
				6C5665482A323766002BFBDB /* FirebaseCrashlytics in Frameworks */,
				6C5665682A323766002BFBDB /* FirebaseRemoteConfigSwift in Frameworks */,
				6C5665742A323810002BFBDB /* GoogleSignInSwift in Frameworks */,
				6C56655A2A323766002BFBDB /* FirebaseInAppMessaging-Beta in Frameworks */,
				6C56654C2A323766002BFBDB /* FirebaseDatabaseSwift in Frameworks */,
				6C5665562A323766002BFBDB /* FirebaseFunctions in Frameworks */,
				6C01D1852A323A8200A3993F /* SDWebImageSwiftUI in Frameworks */,
				6C56656C2A323766002BFBDB /* FirebaseStorageCombine-Community in Frameworks */,
				6C5665662A323766002BFBDB /* FirebaseRemoteConfig in Frameworks */,
				6C5665422A323766002BFBDB /* FirebaseAppDistribution-Beta in Frameworks */,
				6C5665462A323766002BFBDB /* FirebaseAuthCombine-Community in Frameworks */,
				6C5665642A323766002BFBDB /* FirebasePerformance in Frameworks */,
				6C56655C2A323766002BFBDB /* FirebaseInAppMessagingSwift-Beta in Frameworks */,
				6C56656A2A323766002BFBDB /* FirebaseStorage in Frameworks */,
				6C56654E2A323766002BFBDB /* FirebaseDynamicLinks in Frameworks */,
				6C5665522A323766002BFBDB /* FirebaseFirestoreCombine-Community in Frameworks */,
				6C5665622A323766002BFBDB /* FirebaseMessaging in Frameworks */,
				6C56655E2A323766002BFBDB /* FirebaseInstallations in Frameworks */,
			);
			runOnlyForDeploymentPostprocessing = 0;
		};
/* End PBXFrameworksBuildPhase section */

/* Begin PBXGroup section */
		6C01D1862A323B7B00A3993F /* Extensions */ = {
			isa = PBXGroup;
			children = (
				6C01D18E2A3246BC00A3993F /* Image+Extension.swift */,
				6C01D1902A32477A00A3993F /* Color+Extension.swift */,
				6CEB60682A4AB424004345E6 /* String+Extension.swift */,
				6CEB606A2A4AB4EE004345E6 /* Int+Extension.swift */,
				6CD874E12A53FA3200EE64EE /* Date+Extension.swift */,
				6CCED0962A569AA2004F40FB /* Double+Extension.swift */,
			);
			path = Extensions;
			sourceTree = "<group>";
		};
		6C01D1882A32423900A3993F /* LaunchScreenModule */ = {
			isa = PBXGroup;
			children = (
				6C01D1892A32425200A3993F /* View */,
				6C01D18A2A32425C00A3993F /* ViewModel */,
			);
			path = LaunchScreenModule;
			sourceTree = "<group>";
		};
		6C01D1892A32425200A3993F /* View */ = {
			isa = PBXGroup;
			children = (
				6C56652A2A323678002BFBDB /* LaunchScreenView.swift */,
			);
			path = View;
			sourceTree = "<group>";
		};
		6C01D18A2A32425C00A3993F /* ViewModel */ = {
			isa = PBXGroup;
			children = (
				6C01D18B2A32427F00A3993F /* LaunchScreenViewModel.swift */,
			);
			path = ViewModel;
			sourceTree = "<group>";
		};
		6C01D1922A33764600A3993F /* OnboardingModule */ = {
			isa = PBXGroup;
			children = (
				6C01D1992A338A6600A3993F /* Model */,
				6C01D1932A33765D00A3993F /* View */,
				6C01D1942A33766100A3993F /* ViewModel */,
			);
			path = OnboardingModule;
			sourceTree = "<group>";
		};
		6C01D1932A33765D00A3993F /* View */ = {
			isa = PBXGroup;
			children = (
				6C01D1952A33768100A3993F /* OnboardingView.swift */,
			);
			path = View;
			sourceTree = "<group>";
		};
		6C01D1942A33766100A3993F /* ViewModel */ = {
			isa = PBXGroup;
			children = (
				6C01D1972A33769000A3993F /* OnboardingViewModel.swift */,
			);
			path = ViewModel;
			sourceTree = "<group>";
		};
		6C01D1992A338A6600A3993F /* Model */ = {
			isa = PBXGroup;
			children = (
				6C01D19A2A338A8100A3993F /* OnboardingModel.swift */,
			);
			path = Model;
			sourceTree = "<group>";
		};
		6C20915D2A5829C10072633D /* Model */ = {
			isa = PBXGroup;
			children = (
				6C20915E2A5829CF0072633D /* BuyTicketModel.swift */,
			);
			path = Model;
			sourceTree = "<group>";
		};
		6C5056F72A374A1A00D11302 /* Model */ = {
			isa = PBXGroup;
			children = (
				6C5056F82A374A2900D11302 /* CreateAccountModel.swift */,
			);
			path = Model;
			sourceTree = "<group>";
		};
		6C5056FB2A37547F00D11302 /* LoginModule */ = {
			isa = PBXGroup;
			children = (
				6C5056FD2A3754A500D11302 /* View */,
				6C5056FC2A37549600D11302 /* ViewModel */,
			);
			path = LoginModule;
			sourceTree = "<group>";
		};
		6C5056FC2A37549600D11302 /* ViewModel */ = {
			isa = PBXGroup;
			children = (
				6C5057002A3754C500D11302 /* LoginViewModel.swift */,
			);
			path = ViewModel;
			sourceTree = "<group>";
		};
		6C5056FD2A3754A500D11302 /* View */ = {
			isa = PBXGroup;
			children = (
				6C5056FE2A3754B400D11302 /* LoginView.swift */,
			);
			path = View;
			sourceTree = "<group>";
		};
		6C56651C2A323678002BFBDB = {
			isa = PBXGroup;
			children = (
				6C5665272A323678002BFBDB /* SkyPlane */,
				6C5665262A323678002BFBDB /* Products */,
			);
			sourceTree = "<group>";
		};
		6C5665262A323678002BFBDB /* Products */ = {
			isa = PBXGroup;
			children = (
				6C5665252A323678002BFBDB /* SkyPlane.app */,
			);
			name = Products;
			sourceTree = "<group>";
		};
		6C5665272A323678002BFBDB /* SkyPlane */ = {
			isa = PBXGroup;
			children = (
				6CAFA7842A33B31A0014BF71 /* GoogleService-Info.plist */,
				6C915FEA2A339AED001C8B7F /* Info.plist */,
				6CAFA7872A33B95F0014BF71 /* SkyPlaneApp */,
				6C7E30062A3783D400456564 /* CustomViews */,
				6C01D1882A32423900A3993F /* LaunchScreenModule */,
				6C01D1922A33764600A3993F /* OnboardingModule */,
				6C915FEB2A33AE13001C8B7F /* CreateAccountModule */,
				6C5056FB2A37547F00D11302 /* LoginModule */,
				6C7E300B2A37891700456564 /* TabBarModule */,
				6CCC86042A55F80C001F064F /* MapModule */,
				6C9197FE2A50544600232668 /* MyTicketsModule */,
				6C876DA92A39F48F0087C137 /* WeatherModule */,
				6C876DA22A39ED150087C137 /* HomeModule */,
				6CB5D0E02A45FC62004C5A25 /* PopularFlightModule */,
				6CE3B3A32A4310EF00E2FBCC /* TicketsFoundModule */,
				6C97E9FD2A4CAA1B001C550E /* BuyTicketModule */,
				6CA457A12A53190000ADAACD /* PaymentModule */,
				6CD874DA2A533E6900EE64EE /* BoordingPassModule */,
				6C8501772A4F090100194678 /* ProfileModule */,
				6C9197F62A50535200232668 /* EditProfileModule */,
				6C9198062A5054EE00232668 /* PrivacyPolicyModule */,
				6C91980A2A50555E00232668 /* TermsConditionsModule */,
				6CAFA7812A33B0860014BF71 /* Services */,
				6C876D9D2A39E6A70087C137 /* Models */,
				6C01D1862A323B7B00A3993F /* Extensions */,
				6C56652C2A323679002BFBDB /* Assets.xcassets */,
				6C56652E2A323679002BFBDB /* Preview Content */,
			);
			path = SkyPlane;
			sourceTree = "<group>";
		};
		6C56652E2A323679002BFBDB /* Preview Content */ = {
			isa = PBXGroup;
			children = (
				6C56652F2A323679002BFBDB /* Preview Assets.xcassets */,
			);
			path = "Preview Content";
			sourceTree = "<group>";
		};
		6C7E30062A3783D400456564 /* CustomViews */ = {
			isa = PBXGroup;
			children = (
				6C7E30072A37846300456564 /* CustomSectionTextField.swift */,
				6C7E30092A3786B600456564 /* CustomSectionTextFieldPassword.swift */,
				6C87EE812A399CFD0078B98E /* CustomButtonOnTabBar.swift */,
				6C33561C2A40768B00A5FC7D /* CustomHomeTextField.swift */,
				6CD3E2782A40BD0200994E9F /* CustomDatePickerTextField.swift */,
				6CD3E27B2A418B0A00994E9F /* CustomPassengerAndClassTextField.swift */,
				6CA9174D2A44B910009A2E02 /* CustomPopularTicketCell.swift */,
				6CEB606F2A4C02D4004345E6 /* CustomTicketsFoundCell.swift */,
				6CB11C892A4DFFFA0071CB57 /* CustomSelectClass.swift */,
				6C9197F42A5050CE00232668 /* CustomProfileButton.swift */,
				6C370B0E2A52EBF20048DDC6 /* CustomProfileTextField.swift */,
				6C2091602A582B040072633D /* CustomProfileEmailTextField.swift */,
				6C89E2B72A5597A200184823 /* CustomHourlyWeatherCell.swift */,
				6C89E2BE2A55C15800184823 /* CustomDailyWeatherCell.swift */,
			);
			path = CustomViews;
			sourceTree = "<group>";
		};
		6C7E300B2A37891700456564 /* TabBarModule */ = {
			isa = PBXGroup;
			children = (
				6C7E300C2A37893200456564 /* View */,
				6CA9677A2A54845500A866E3 /* ViewModel */,
			);
			path = TabBarModule;
			sourceTree = "<group>";
		};
		6C7E300C2A37893200456564 /* View */ = {
			isa = PBXGroup;
			children = (
				6C7E300D2A37894000456564 /* TabBarView.swift */,
			);
			path = View;
			sourceTree = "<group>";
		};
		6C8501772A4F090100194678 /* ProfileModule */ = {
			isa = PBXGroup;
			children = (
				6C8501792A4F092300194678 /* View */,
				6C8501782A4F091500194678 /* ViewModel */,
			);
			path = ProfileModule;
			sourceTree = "<group>";
		};
		6C8501782A4F091500194678 /* ViewModel */ = {
			isa = PBXGroup;
			children = (
				6C85017C2A4F096000194678 /* ProfileViewModel.swift */,
			);
			path = ViewModel;
			sourceTree = "<group>";
		};
		6C8501792A4F092300194678 /* View */ = {
			isa = PBXGroup;
			children = (
				6C85017A2A4F093600194678 /* ProfileView.swift */,
			);
			path = View;
			sourceTree = "<group>";
		};
		6C876D9D2A39E6A70087C137 /* Models */ = {
			isa = PBXGroup;
			children = (
				6C876D9E2A39E87C0087C137 /* CoordinateModel.swift */,
				6C876DA02A39E8B60087C137 /* WeatherModel.swift */,
				6C876DB02A3AF8290087C137 /* FlightModel.swift */,
				6CB15B942A3CE30A0027E2EA /* PopularFlightModel.swift */,
				6CE3B3A12A42328800E2FBCC /* Autocomplete.swift */,
			);
			path = Models;
			sourceTree = "<group>";
		};
		6C876DA22A39ED150087C137 /* HomeModule */ = {
			isa = PBXGroup;
			children = (
				6C876DA42A39ED3E0087C137 /* View */,
				6C876DA32A39ED310087C137 /* ViewModel */,
			);
			path = HomeModule;
			sourceTree = "<group>";
		};
		6C876DA32A39ED310087C137 /* ViewModel */ = {
			isa = PBXGroup;
			children = (
				6C876DA52A39ED530087C137 /* HomeViewModel.swift */,
			);
			path = ViewModel;
			sourceTree = "<group>";
		};
		6C876DA42A39ED3E0087C137 /* View */ = {
			isa = PBXGroup;
			children = (
				6C876DA72A39ED5E0087C137 /* HomeView.swift */,
			);
			path = View;
			sourceTree = "<group>";
		};
		6C876DA92A39F48F0087C137 /* WeatherModule */ = {
			isa = PBXGroup;
			children = (
				6C89E2B92A55A84E00184823 /* Model */,
				6C876DAB2A39F4B70087C137 /* View */,
				6C876DAA2A39F49B0087C137 /* ViewModel */,
			);
			path = WeatherModule;
			sourceTree = "<group>";
		};
		6C876DAA2A39F49B0087C137 /* ViewModel */ = {
			isa = PBXGroup;
			children = (
				6C876DAC2A39F4CA0087C137 /* WeatherViewModel.swift */,
			);
			path = ViewModel;
			sourceTree = "<group>";
		};
		6C876DAB2A39F4B70087C137 /* View */ = {
			isa = PBXGroup;
			children = (
				6C876DAE2A39F4E10087C137 /* WeatherView.swift */,
			);
			path = View;
			sourceTree = "<group>";
		};
		6C89E2B92A55A84E00184823 /* Model */ = {
			isa = PBXGroup;
			children = (
				6C89E2BA2A55A85F00184823 /* CurrentWeatherModel.swift */,
				6C89E2BC2A55A94D00184823 /* DailyWeatherModel.swift */,
			);
			path = Model;
			sourceTree = "<group>";
		};
		6C915FEB2A33AE13001C8B7F /* CreateAccountModule */ = {
			isa = PBXGroup;
			children = (
				6C5056F72A374A1A00D11302 /* Model */,
				6C915FEC2A33AE3D001C8B7F /* View */,
				6C915FED2A33AE4F001C8B7F /* ViewModel */,
			);
			path = CreateAccountModule;
			sourceTree = "<group>";
		};
		6C915FEC2A33AE3D001C8B7F /* View */ = {
			isa = PBXGroup;
			children = (
				6C915FEE2A33AE8B001C8B7F /* CreateAccountView.swift */,
			);
			path = View;
			sourceTree = "<group>";
		};
		6C915FED2A33AE4F001C8B7F /* ViewModel */ = {
			isa = PBXGroup;
			children = (
				6C915FF02A33AEAB001C8B7F /* CreateAccountViewModel.swift */,
			);
			path = ViewModel;
			sourceTree = "<group>";
		};
		6C9197F62A50535200232668 /* EditProfileModule */ = {
			isa = PBXGroup;
			children = (
				6C9197F82A50538500232668 /* View */,
				6C9197F72A50537A00232668 /* ViewModel */,
			);
			path = EditProfileModule;
			sourceTree = "<group>";
		};
		6C9197F72A50537A00232668 /* ViewModel */ = {
			isa = PBXGroup;
			children = (
				6C9197FC2A5053C100232668 /* EditProfileViewModel.swift */,
			);
			path = ViewModel;
			sourceTree = "<group>";
		};
		6C9197F82A50538500232668 /* View */ = {
			isa = PBXGroup;
			children = (
				6C9197F92A50539B00232668 /* EditProfileView.swift */,
				6C370B102A52EEB10048DDC6 /* ImagePicker.swift */,
			);
			path = View;
			sourceTree = "<group>";
		};
		6C9197FE2A50544600232668 /* MyTicketsModule */ = {
			isa = PBXGroup;
			children = (
				6C9198012A50547000232668 /* View */,
				6C9197FF2A50546200232668 /* ViewModel */,
			);
			path = MyTicketsModule;
			sourceTree = "<group>";
		};
		6C9197FF2A50546200232668 /* ViewModel */ = {
			isa = PBXGroup;
			children = (
				6C9198042A50549700232668 /* MyTicketsViewModel.swift */,
			);
			path = ViewModel;
			sourceTree = "<group>";
		};
		6C9198012A50547000232668 /* View */ = {
			isa = PBXGroup;
			children = (
				6C9198022A50548300232668 /* MyTicketsView.swift */,
			);
			path = View;
			sourceTree = "<group>";
		};
		6C9198062A5054EE00232668 /* PrivacyPolicyModule */ = {
			isa = PBXGroup;
			children = (
				6C9198072A50551F00232668 /* View */,
			);
			path = PrivacyPolicyModule;
			sourceTree = "<group>";
		};
		6C9198072A50551F00232668 /* View */ = {
			isa = PBXGroup;
			children = (
				6C9198082A50555100232668 /* PrivacyPoliceView.swift */,
			);
			path = View;
			sourceTree = "<group>";
		};
		6C91980A2A50555E00232668 /* TermsConditionsModule */ = {
			isa = PBXGroup;
			children = (
				6C91980B2A50558800232668 /* View */,
			);
			path = TermsConditionsModule;
			sourceTree = "<group>";
		};
		6C91980B2A50558800232668 /* View */ = {
			isa = PBXGroup;
			children = (
				6C91980C2A50559800232668 /* TermsConditionsView.swift */,
			);
			path = View;
			sourceTree = "<group>";
		};
		6C97E9FD2A4CAA1B001C550E /* BuyTicketModule */ = {
			isa = PBXGroup;
			children = (
				6C20915D2A5829C10072633D /* Model */,
				6C97E9FF2A4CAA69001C550E /* View */,
				6C97E9FE2A4CAA5E001C550E /* ViewModel */,
			);
			path = BuyTicketModule;
			sourceTree = "<group>";
		};
		6C97E9FE2A4CAA5E001C550E /* ViewModel */ = {
			isa = PBXGroup;
			children = (
				6C97EA002A4CAA89001C550E /* BuyTicketViewModel.swift */,
			);
			path = ViewModel;
			sourceTree = "<group>";
		};
		6C97E9FF2A4CAA69001C550E /* View */ = {
			isa = PBXGroup;
			children = (
				6C97EA022A4CAABF001C550E /* BuyTicketView.swift */,
			);
			path = View;
			sourceTree = "<group>";
		};
		6CA457A12A53190000ADAACD /* PaymentModule */ = {
			isa = PBXGroup;
			children = (
				6CA457A32A53192F00ADAACD /* View */,
				6CA457A22A53191A00ADAACD /* ViewModel */,
			);
			path = PaymentModule;
			sourceTree = "<group>";
		};
		6CA457A22A53191A00ADAACD /* ViewModel */ = {
			isa = PBXGroup;
			children = (
				6CA457A62A53195400ADAACD /* PaymentViewModel.swift */,
			);
			path = ViewModel;
			sourceTree = "<group>";
		};
		6CA457A32A53192F00ADAACD /* View */ = {
			isa = PBXGroup;
			children = (
				6CA457A42A53194B00ADAACD /* PaymentView.swift */,
			);
			path = View;
			sourceTree = "<group>";
		};
		6CA9677A2A54845500A866E3 /* ViewModel */ = {
			isa = PBXGroup;
			children = (
				6CA9677B2A54847D00A866E3 /* TabBarViewModel.swift */,
			);
			path = ViewModel;
			sourceTree = "<group>";
		};
		6CAFA7812A33B0860014BF71 /* Services */ = {
			isa = PBXGroup;
			children = (
				6CAFA7822A33B0BB0014BF71 /* FirebaseManager.swift */,
				6C876D9B2A39E4BA0087C137 /* AlamofireProvider.swift */,
				6C876D992A39E4410087C137 /* Constants.swift */,
			);
			path = Services;
			sourceTree = "<group>";
		};
		6CAFA7872A33B95F0014BF71 /* SkyPlaneApp */ = {
			isa = PBXGroup;
			children = (
				6C5665282A323678002BFBDB /* SkyPlaneApp.swift */,
			);
			path = SkyPlaneApp;
			sourceTree = "<group>";
		};
		6CB5D0E02A45FC62004C5A25 /* PopularFlightModule */ = {
			isa = PBXGroup;
			children = (
				6CEB60652A4A2153004345E6 /* Model */,
				6CB5D0E22A45FC84004C5A25 /* View */,
				6CB5D0E12A45FC77004C5A25 /* ViewModel */,
			);
			path = PopularFlightModule;
			sourceTree = "<group>";
		};
		6CB5D0E12A45FC77004C5A25 /* ViewModel */ = {
			isa = PBXGroup;
			children = (
				6CB5D0E52A45FCCA004C5A25 /* PopularFlightViewModel.swift */,
			);
			path = ViewModel;
			sourceTree = "<group>";
		};
		6CB5D0E22A45FC84004C5A25 /* View */ = {
			isa = PBXGroup;
			children = (
				6CB5D0E32A45FC9D004C5A25 /* PopularFlightView.swift */,
			);
			path = View;
			sourceTree = "<group>";
		};
		6CCC86042A55F80C001F064F /* MapModule */ = {
			isa = PBXGroup;
			children = (
				6CCC86052A55F81E001F064F /* View */,
			);
			path = MapModule;
			sourceTree = "<group>";
		};
		6CCC86052A55F81E001F064F /* View */ = {
			isa = PBXGroup;
			children = (
				6CCC86062A55F830001F064F /* MapView.swift */,
			);
			path = View;
			sourceTree = "<group>";
		};
		6CD874DA2A533E6900EE64EE /* BoordingPassModule */ = {
			isa = PBXGroup;
			children = (
				6CD874DC2A533E8D00EE64EE /* View */,
				6CD874DB2A533E8100EE64EE /* ViewModel */,
			);
			path = BoordingPassModule;
			sourceTree = "<group>";
		};
		6CD874DB2A533E8100EE64EE /* ViewModel */ = {
			isa = PBXGroup;
			children = (
				6CD874DF2A533EC300EE64EE /* BoordingPassViewModel.swift */,
			);
			path = ViewModel;
			sourceTree = "<group>";
		};
		6CD874DC2A533E8D00EE64EE /* View */ = {
			isa = PBXGroup;
			children = (
				6CD874DD2A533EB000EE64EE /* BoordingPassView.swift */,
			);
			path = View;
			sourceTree = "<group>";
		};
		6CE3B3A32A4310EF00E2FBCC /* TicketsFoundModule */ = {
			isa = PBXGroup;
			children = (
				6CEB606C2A4B1766004345E6 /* Model */,
				6CE3B3A72A43116600E2FBCC /* View */,
				6CE3B3A42A43110500E2FBCC /* ViewModel */,
			);
			path = TicketsFoundModule;
			sourceTree = "<group>";
		};
		6CE3B3A42A43110500E2FBCC /* ViewModel */ = {
			isa = PBXGroup;
			children = (
				6CE3B3A52A43115D00E2FBCC /* TicketsFoundViewModel.swift */,
			);
			path = ViewModel;
			sourceTree = "<group>";
		};
		6CE3B3A72A43116600E2FBCC /* View */ = {
			isa = PBXGroup;
			children = (
				6CE3B3A82A43117400E2FBCC /* TicketsFoundView.swift */,
			);
			path = View;
			sourceTree = "<group>";
		};
		6CEB60652A4A2153004345E6 /* Model */ = {
			isa = PBXGroup;
			children = (
				6CEB60662A4A2172004345E6 /* PopularFlightInfoModel.swift */,
			);
			path = Model;
			sourceTree = "<group>";
		};
		6CEB606C2A4B1766004345E6 /* Model */ = {
			isa = PBXGroup;
			children = (
				6CEB606D2A4B177B004345E6 /* TicketsFoundModel.swift */,
			);
			path = Model;
			sourceTree = "<group>";
		};
/* End PBXGroup section */

/* Begin PBXNativeTarget section */
		6C5665242A323678002BFBDB /* SkyPlane */ = {
			isa = PBXNativeTarget;
			buildConfigurationList = 6C5665332A323679002BFBDB /* Build configuration list for PBXNativeTarget "SkyPlane" */;
			buildPhases = (
				6C5665212A323678002BFBDB /* Sources */,
				6C5665222A323678002BFBDB /* Frameworks */,
				6C5665232A323678002BFBDB /* Resources */,
			);
			buildRules = (
			);
			dependencies = (
			);
			name = SkyPlane;
			packageProductDependencies = (
				6C5665372A323766002BFBDB /* FirebaseAnalytics */,
				6C5665392A323766002BFBDB /* FirebaseAnalyticsOnDeviceConversion */,
				6C56653B2A323766002BFBDB /* FirebaseAnalyticsSwift */,
				6C56653D2A323766002BFBDB /* FirebaseAnalyticsWithoutAdIdSupport */,
				6C56653F2A323766002BFBDB /* FirebaseAppCheck */,
				6C5665412A323766002BFBDB /* FirebaseAppDistribution-Beta */,
				6C5665432A323766002BFBDB /* FirebaseAuth */,
				6C5665452A323766002BFBDB /* FirebaseAuthCombine-Community */,
				6C5665472A323766002BFBDB /* FirebaseCrashlytics */,
				6C5665492A323766002BFBDB /* FirebaseDatabase */,
				6C56654B2A323766002BFBDB /* FirebaseDatabaseSwift */,
				6C56654D2A323766002BFBDB /* FirebaseDynamicLinks */,
				6C56654F2A323766002BFBDB /* FirebaseFirestore */,
				6C5665512A323766002BFBDB /* FirebaseFirestoreCombine-Community */,
				6C5665532A323766002BFBDB /* FirebaseFirestoreSwift */,
				6C5665552A323766002BFBDB /* FirebaseFunctions */,
				6C5665572A323766002BFBDB /* FirebaseFunctionsCombine-Community */,
				6C5665592A323766002BFBDB /* FirebaseInAppMessaging-Beta */,
				6C56655B2A323766002BFBDB /* FirebaseInAppMessagingSwift-Beta */,
				6C56655D2A323766002BFBDB /* FirebaseInstallations */,
				6C56655F2A323766002BFBDB /* FirebaseMLModelDownloader */,
				6C5665612A323766002BFBDB /* FirebaseMessaging */,
				6C5665632A323766002BFBDB /* FirebasePerformance */,
				6C5665652A323766002BFBDB /* FirebaseRemoteConfig */,
				6C5665672A323766002BFBDB /* FirebaseRemoteConfigSwift */,
				6C5665692A323766002BFBDB /* FirebaseStorage */,
				6C56656B2A323766002BFBDB /* FirebaseStorageCombine-Community */,
				6C56656E2A3237E1002BFBDB /* Alamofire */,
				6C5665712A323810002BFBDB /* GoogleSignIn */,
				6C5665732A323810002BFBDB /* GoogleSignInSwift */,
				6C5665762A323837002BFBDB /* GoogleMaps */,
				6C01D1842A323A8200A3993F /* SDWebImageSwiftUI */,
			);
			productName = SkyPlane;
			productReference = 6C5665252A323678002BFBDB /* SkyPlane.app */;
			productType = "com.apple.product-type.application";
		};
/* End PBXNativeTarget section */

/* Begin PBXProject section */
		6C56651D2A323678002BFBDB /* Project object */ = {
			isa = PBXProject;
			attributes = {
				BuildIndependentTargetsInParallel = 1;
				LastSwiftUpdateCheck = 1430;
				LastUpgradeCheck = 1430;
				TargetAttributes = {
					6C5665242A323678002BFBDB = {
						CreatedOnToolsVersion = 14.3;
					};
				};
			};
			buildConfigurationList = 6C5665202A323678002BFBDB /* Build configuration list for PBXProject "SkyPlane" */;
			compatibilityVersion = "Xcode 14.0";
			developmentRegion = en;
			hasScannedForEncodings = 0;
			knownRegions = (
				en,
				Base,
			);
			mainGroup = 6C56651C2A323678002BFBDB;
			packageReferences = (
				6C5665362A323766002BFBDB /* XCRemoteSwiftPackageReference "firebase-ios-sdk" */,
				6C56656D2A3237E1002BFBDB /* XCRemoteSwiftPackageReference "Alamofire" */,
				6C5665702A323810002BFBDB /* XCRemoteSwiftPackageReference "GoogleSignIn-iOS" */,
				6C5665752A323837002BFBDB /* XCRemoteSwiftPackageReference "GoogleMaps-SP" */,
				6C01D1832A323A8200A3993F /* XCRemoteSwiftPackageReference "SDWebImageSwiftUI" */,
			);
			productRefGroup = 6C5665262A323678002BFBDB /* Products */;
			projectDirPath = "";
			projectRoot = "";
			targets = (
				6C5665242A323678002BFBDB /* SkyPlane */,
			);
		};
/* End PBXProject section */

/* Begin PBXResourcesBuildPhase section */
		6C5665232A323678002BFBDB /* Resources */ = {
			isa = PBXResourcesBuildPhase;
			buildActionMask = 2147483647;
			files = (
				6C5665302A323679002BFBDB /* Preview Assets.xcassets in Resources */,
				6C56652D2A323679002BFBDB /* Assets.xcassets in Resources */,
				6CAFA7852A33B31B0014BF71 /* GoogleService-Info.plist in Resources */,
			);
			runOnlyForDeploymentPostprocessing = 0;
		};
/* End PBXResourcesBuildPhase section */

/* Begin PBXSourcesBuildPhase section */
		6C5665212A323678002BFBDB /* Sources */ = {
			isa = PBXSourcesBuildPhase;
			buildActionMask = 2147483647;
			files = (
				6C7E300E2A37894000456564 /* TabBarView.swift in Sources */,
				6CEB60672A4A2172004345E6 /* PopularFlightInfoModel.swift in Sources */,
				6C9198092A50555100232668 /* PrivacyPoliceView.swift in Sources */,
				6CA9174E2A44B910009A2E02 /* CustomPopularTicketCell.swift in Sources */,
				6CCED0972A569AA2004F40FB /* Double+Extension.swift in Sources */,
				6CD874E22A53FA3300EE64EE /* Date+Extension.swift in Sources */,
				6CB5D0E42A45FC9D004C5A25 /* PopularFlightView.swift in Sources */,
				6CA457A72A53195400ADAACD /* PaymentViewModel.swift in Sources */,
				6CB15B952A3CE30A0027E2EA /* PopularFlightModel.swift in Sources */,
				6C876D9A2A39E4410087C137 /* Constants.swift in Sources */,
				6C87EE822A399CFE0078B98E /* CustomButtonOnTabBar.swift in Sources */,
				6CB5D0E62A45FCCA004C5A25 /* PopularFlightViewModel.swift in Sources */,
				6C97EA012A4CAA89001C550E /* BuyTicketViewModel.swift in Sources */,
				6CA9677C2A54847D00A866E3 /* TabBarViewModel.swift in Sources */,
				6C56652B2A323678002BFBDB /* LaunchScreenView.swift in Sources */,
				6C5056F92A374A2900D11302 /* CreateAccountModel.swift in Sources */,
				6C876DAF2A39F4E10087C137 /* WeatherView.swift in Sources */,
				6CD874DE2A533EB000EE64EE /* BoordingPassView.swift in Sources */,
				6C9197F52A5050CE00232668 /* CustomProfileButton.swift in Sources */,
				6C33561D2A40768B00A5FC7D /* CustomHomeTextField.swift in Sources */,
				6C876DA62A39ED530087C137 /* HomeViewModel.swift in Sources */,
				6C01D1912A32477A00A3993F /* Color+Extension.swift in Sources */,
				6C9198052A50549700232668 /* MyTicketsViewModel.swift in Sources */,
				6C5665292A323678002BFBDB /* SkyPlaneApp.swift in Sources */,
				6C7E30082A37846300456564 /* CustomSectionTextField.swift in Sources */,
				6CD874E02A533EC300EE64EE /* BoordingPassViewModel.swift in Sources */,
				6C915FEF2A33AE8B001C8B7F /* CreateAccountView.swift in Sources */,
				6CD3E27C2A418B0A00994E9F /* CustomPassengerAndClassTextField.swift in Sources */,
				6CAFA7832A33B0BB0014BF71 /* FirebaseManager.swift in Sources */,
				6C89E2B82A5597A200184823 /* CustomHourlyWeatherCell.swift in Sources */,
				6CE3B3A92A43117400E2FBCC /* TicketsFoundView.swift in Sources */,
				6C9198032A50548300232668 /* MyTicketsView.swift in Sources */,
				6C876DA12A39E8B60087C137 /* WeatherModel.swift in Sources */,
				6C85017D2A4F096000194678 /* ProfileViewModel.swift in Sources */,
				6C5057012A3754C500D11302 /* LoginViewModel.swift in Sources */,
				6C89E2BD2A55A94D00184823 /* DailyWeatherModel.swift in Sources */,
				6C01D1962A33768100A3993F /* OnboardingView.swift in Sources */,
				6C89E2BB2A55A85F00184823 /* CurrentWeatherModel.swift in Sources */,
				6C876D9F2A39E87C0087C137 /* CoordinateModel.swift in Sources */,
				6C01D19B2A338A8100A3993F /* OnboardingModel.swift in Sources */,
				6C20915F2A5829CF0072633D /* BuyTicketModel.swift in Sources */,
				6C9197FA2A50539B00232668 /* EditProfileView.swift in Sources */,
				6CEB606B2A4AB4EE004345E6 /* Int+Extension.swift in Sources */,
				6C2091612A582B040072633D /* CustomProfileEmailTextField.swift in Sources */,
				6C370B0F2A52EBF20048DDC6 /* CustomProfileTextField.swift in Sources */,
				6C876D9C2A39E4BA0087C137 /* AlamofireProvider.swift in Sources */,
				6CEB60702A4C02D4004345E6 /* CustomTicketsFoundCell.swift in Sources */,
				6C9197FD2A5053C100232668 /* EditProfileViewModel.swift in Sources */,
				6C370B112A52EEB10048DDC6 /* ImagePicker.swift in Sources */,
				6C915FF12A33AEAB001C8B7F /* CreateAccountViewModel.swift in Sources */,
				6C89E2BF2A55C15800184823 /* CustomDailyWeatherCell.swift in Sources */,
				6C7E300A2A3786B600456564 /* CustomSectionTextFieldPassword.swift in Sources */,
				6C01D18C2A32427F00A3993F /* LaunchScreenViewModel.swift in Sources */,
				6C5056FF2A3754B400D11302 /* LoginView.swift in Sources */,
				6C876DA82A39ED5E0087C137 /* HomeView.swift in Sources */,
				6C01D1982A33769000A3993F /* OnboardingViewModel.swift in Sources */,
				6CB11C8A2A4DFFFA0071CB57 /* CustomSelectClass.swift in Sources */,
				6CD3E2792A40BD0200994E9F /* CustomDatePickerTextField.swift in Sources */,
				6C876DB12A3AF8290087C137 /* FlightModel.swift in Sources */,
				6C97EA032A4CAABF001C550E /* BuyTicketView.swift in Sources */,
				6CEB606E2A4B177B004345E6 /* TicketsFoundModel.swift in Sources */,
				6CA457A52A53194B00ADAACD /* PaymentView.swift in Sources */,
				6C85017B2A4F093600194678 /* ProfileView.swift in Sources */,
				6CCC86072A55F830001F064F /* MapView.swift in Sources */,
				6CE3B3A62A43115D00E2FBCC /* TicketsFoundViewModel.swift in Sources */,
				6C01D18F2A3246BC00A3993F /* Image+Extension.swift in Sources */,
				6C876DAD2A39F4CA0087C137 /* WeatherViewModel.swift in Sources */,
				6CE3B3A22A42328800E2FBCC /* Autocomplete.swift in Sources */,
				6C91980D2A50559900232668 /* TermsConditionsView.swift in Sources */,
				6CEB60692A4AB424004345E6 /* String+Extension.swift in Sources */,
			);
			runOnlyForDeploymentPostprocessing = 0;
		};
/* End PBXSourcesBuildPhase section */

/* Begin XCBuildConfiguration section */
		6C5665312A323679002BFBDB /* Debug */ = {
			isa = XCBuildConfiguration;
			buildSettings = {
				ALWAYS_SEARCH_USER_PATHS = NO;
				CLANG_ANALYZER_NONNULL = YES;
				CLANG_ANALYZER_NUMBER_OBJECT_CONVERSION = YES_AGGRESSIVE;
				CLANG_CXX_LANGUAGE_STANDARD = "gnu++20";
				CLANG_ENABLE_MODULES = YES;
				CLANG_ENABLE_OBJC_ARC = YES;
				CLANG_ENABLE_OBJC_WEAK = YES;
				CLANG_WARN_BLOCK_CAPTURE_AUTORELEASING = YES;
				CLANG_WARN_BOOL_CONVERSION = YES;
				CLANG_WARN_COMMA = YES;
				CLANG_WARN_CONSTANT_CONVERSION = YES;
				CLANG_WARN_DEPRECATED_OBJC_IMPLEMENTATIONS = YES;
				CLANG_WARN_DIRECT_OBJC_ISA_USAGE = YES_ERROR;
				CLANG_WARN_DOCUMENTATION_COMMENTS = YES;
				CLANG_WARN_EMPTY_BODY = YES;
				CLANG_WARN_ENUM_CONVERSION = YES;
				CLANG_WARN_INFINITE_RECURSION = YES;
				CLANG_WARN_INT_CONVERSION = YES;
				CLANG_WARN_NON_LITERAL_NULL_CONVERSION = YES;
				CLANG_WARN_OBJC_IMPLICIT_RETAIN_SELF = YES;
				CLANG_WARN_OBJC_LITERAL_CONVERSION = YES;
				CLANG_WARN_OBJC_ROOT_CLASS = YES_ERROR;
				CLANG_WARN_QUOTED_INCLUDE_IN_FRAMEWORK_HEADER = YES;
				CLANG_WARN_RANGE_LOOP_ANALYSIS = YES;
				CLANG_WARN_STRICT_PROTOTYPES = YES;
				CLANG_WARN_SUSPICIOUS_MOVE = YES;
				CLANG_WARN_UNGUARDED_AVAILABILITY = YES_AGGRESSIVE;
				CLANG_WARN_UNREACHABLE_CODE = YES;
				CLANG_WARN__DUPLICATE_METHOD_MATCH = YES;
				COPY_PHASE_STRIP = NO;
				DEBUG_INFORMATION_FORMAT = dwarf;
				ENABLE_STRICT_OBJC_MSGSEND = YES;
				ENABLE_TESTABILITY = YES;
				GCC_C_LANGUAGE_STANDARD = gnu11;
				GCC_DYNAMIC_NO_PIC = NO;
				GCC_NO_COMMON_BLOCKS = YES;
				GCC_OPTIMIZATION_LEVEL = 0;
				GCC_PREPROCESSOR_DEFINITIONS = (
					"DEBUG=1",
					"$(inherited)",
				);
				GCC_WARN_64_TO_32_BIT_CONVERSION = YES;
				GCC_WARN_ABOUT_RETURN_TYPE = YES_ERROR;
				GCC_WARN_UNDECLARED_SELECTOR = YES;
				GCC_WARN_UNINITIALIZED_AUTOS = YES_AGGRESSIVE;
				GCC_WARN_UNUSED_FUNCTION = YES;
				GCC_WARN_UNUSED_VARIABLE = YES;
				IPHONEOS_DEPLOYMENT_TARGET = 16.4;
				MTL_ENABLE_DEBUG_INFO = INCLUDE_SOURCE;
				MTL_FAST_MATH = YES;
				ONLY_ACTIVE_ARCH = YES;
				SDKROOT = iphoneos;
				SWIFT_ACTIVE_COMPILATION_CONDITIONS = DEBUG;
				SWIFT_OPTIMIZATION_LEVEL = "-Onone";
			};
			name = Debug;
		};
		6C5665322A323679002BFBDB /* Release */ = {
			isa = XCBuildConfiguration;
			buildSettings = {
				ALWAYS_SEARCH_USER_PATHS = NO;
				CLANG_ANALYZER_NONNULL = YES;
				CLANG_ANALYZER_NUMBER_OBJECT_CONVERSION = YES_AGGRESSIVE;
				CLANG_CXX_LANGUAGE_STANDARD = "gnu++20";
				CLANG_ENABLE_MODULES = YES;
				CLANG_ENABLE_OBJC_ARC = YES;
				CLANG_ENABLE_OBJC_WEAK = YES;
				CLANG_WARN_BLOCK_CAPTURE_AUTORELEASING = YES;
				CLANG_WARN_BOOL_CONVERSION = YES;
				CLANG_WARN_COMMA = YES;
				CLANG_WARN_CONSTANT_CONVERSION = YES;
				CLANG_WARN_DEPRECATED_OBJC_IMPLEMENTATIONS = YES;
				CLANG_WARN_DIRECT_OBJC_ISA_USAGE = YES_ERROR;
				CLANG_WARN_DOCUMENTATION_COMMENTS = YES;
				CLANG_WARN_EMPTY_BODY = YES;
				CLANG_WARN_ENUM_CONVERSION = YES;
				CLANG_WARN_INFINITE_RECURSION = YES;
				CLANG_WARN_INT_CONVERSION = YES;
				CLANG_WARN_NON_LITERAL_NULL_CONVERSION = YES;
				CLANG_WARN_OBJC_IMPLICIT_RETAIN_SELF = YES;
				CLANG_WARN_OBJC_LITERAL_CONVERSION = YES;
				CLANG_WARN_OBJC_ROOT_CLASS = YES_ERROR;
				CLANG_WARN_QUOTED_INCLUDE_IN_FRAMEWORK_HEADER = YES;
				CLANG_WARN_RANGE_LOOP_ANALYSIS = YES;
				CLANG_WARN_STRICT_PROTOTYPES = YES;
				CLANG_WARN_SUSPICIOUS_MOVE = YES;
				CLANG_WARN_UNGUARDED_AVAILABILITY = YES_AGGRESSIVE;
				CLANG_WARN_UNREACHABLE_CODE = YES;
				CLANG_WARN__DUPLICATE_METHOD_MATCH = YES;
				COPY_PHASE_STRIP = NO;
				DEBUG_INFORMATION_FORMAT = "dwarf-with-dsym";
				ENABLE_NS_ASSERTIONS = NO;
				ENABLE_STRICT_OBJC_MSGSEND = YES;
				GCC_C_LANGUAGE_STANDARD = gnu11;
				GCC_NO_COMMON_BLOCKS = YES;
				GCC_WARN_64_TO_32_BIT_CONVERSION = YES;
				GCC_WARN_ABOUT_RETURN_TYPE = YES_ERROR;
				GCC_WARN_UNDECLARED_SELECTOR = YES;
				GCC_WARN_UNINITIALIZED_AUTOS = YES_AGGRESSIVE;
				GCC_WARN_UNUSED_FUNCTION = YES;
				GCC_WARN_UNUSED_VARIABLE = YES;
				IPHONEOS_DEPLOYMENT_TARGET = 16.4;
				MTL_ENABLE_DEBUG_INFO = NO;
				MTL_FAST_MATH = YES;
				SDKROOT = iphoneos;
				SWIFT_COMPILATION_MODE = wholemodule;
				SWIFT_OPTIMIZATION_LEVEL = "-O";
				VALIDATE_PRODUCT = YES;
			};
			name = Release;
		};
		6C5665342A323679002BFBDB /* Debug */ = {
			isa = XCBuildConfiguration;
			buildSettings = {
				ASSETCATALOG_COMPILER_APPICON_NAME = AppIcon;
				ASSETCATALOG_COMPILER_GLOBAL_ACCENT_COLOR_NAME = AccentColor;
				CODE_SIGN_STYLE = Automatic;
				CURRENT_PROJECT_VERSION = 1;
				DEVELOPMENT_ASSET_PATHS = "\"SkyPlane/Preview Content\"";
				DEVELOPMENT_TEAM = 7LVP8USRP3;
				ENABLE_PREVIEWS = YES;
				GENERATE_INFOPLIST_FILE = YES;
				INFOPLIST_FILE = SkyPlane/Info.plist;
				INFOPLIST_KEY_LSApplicationCategoryType = "";
				INFOPLIST_KEY_UIApplicationSceneManifest_Generation = YES;
				INFOPLIST_KEY_UIApplicationSupportsIndirectInputEvents = YES;
				INFOPLIST_KEY_UILaunchScreen_Generation = YES;
				INFOPLIST_KEY_UISupportedInterfaceOrientations_iPad = "UIInterfaceOrientationPortrait UIInterfaceOrientationPortraitUpsideDown UIInterfaceOrientationLandscapeLeft UIInterfaceOrientationLandscapeRight";
				INFOPLIST_KEY_UISupportedInterfaceOrientations_iPhone = "UIInterfaceOrientationPortrait UIInterfaceOrientationLandscapeLeft UIInterfaceOrientationLandscapeRight";
				LD_RUNPATH_SEARCH_PATHS = (
					"$(inherited)",
					"@executable_path/Frameworks",
				);
				MARKETING_VERSION = 1.0;
				PRODUCT_BUNDLE_IDENTIFIER = mk.SkyPlane;
				PRODUCT_NAME = "$(TARGET_NAME)";
				SWIFT_EMIT_LOC_STRINGS = YES;
				SWIFT_VERSION = 5.0;
				TARGETED_DEVICE_FAMILY = "1,2";
			};
			name = Debug;
		};
		6C5665352A323679002BFBDB /* Release */ = {
			isa = XCBuildConfiguration;
			buildSettings = {
				ASSETCATALOG_COMPILER_APPICON_NAME = AppIcon;
				ASSETCATALOG_COMPILER_GLOBAL_ACCENT_COLOR_NAME = AccentColor;
				CODE_SIGN_STYLE = Automatic;
				CURRENT_PROJECT_VERSION = 1;
				DEVELOPMENT_ASSET_PATHS = "\"SkyPlane/Preview Content\"";
				DEVELOPMENT_TEAM = 7LVP8USRP3;
				ENABLE_PREVIEWS = YES;
				GENERATE_INFOPLIST_FILE = YES;
				INFOPLIST_FILE = SkyPlane/Info.plist;
				INFOPLIST_KEY_LSApplicationCategoryType = "";
				INFOPLIST_KEY_UIApplicationSceneManifest_Generation = YES;
				INFOPLIST_KEY_UIApplicationSupportsIndirectInputEvents = YES;
				INFOPLIST_KEY_UILaunchScreen_Generation = YES;
				INFOPLIST_KEY_UISupportedInterfaceOrientations_iPad = "UIInterfaceOrientationPortrait UIInterfaceOrientationPortraitUpsideDown UIInterfaceOrientationLandscapeLeft UIInterfaceOrientationLandscapeRight";
				INFOPLIST_KEY_UISupportedInterfaceOrientations_iPhone = "UIInterfaceOrientationPortrait UIInterfaceOrientationLandscapeLeft UIInterfaceOrientationLandscapeRight";
				LD_RUNPATH_SEARCH_PATHS = (
					"$(inherited)",
					"@executable_path/Frameworks",
				);
				MARKETING_VERSION = 1.0;
				PRODUCT_BUNDLE_IDENTIFIER = mk.SkyPlane;
				PRODUCT_NAME = "$(TARGET_NAME)";
				SWIFT_EMIT_LOC_STRINGS = YES;
				SWIFT_VERSION = 5.0;
				TARGETED_DEVICE_FAMILY = "1,2";
			};
			name = Release;
		};
/* End XCBuildConfiguration section */

/* Begin XCConfigurationList section */
		6C5665202A323678002BFBDB /* Build configuration list for PBXProject "SkyPlane" */ = {
			isa = XCConfigurationList;
			buildConfigurations = (
				6C5665312A323679002BFBDB /* Debug */,
				6C5665322A323679002BFBDB /* Release */,
			);
			defaultConfigurationIsVisible = 0;
			defaultConfigurationName = Release;
		};
		6C5665332A323679002BFBDB /* Build configuration list for PBXNativeTarget "SkyPlane" */ = {
			isa = XCConfigurationList;
			buildConfigurations = (
				6C5665342A323679002BFBDB /* Debug */,
				6C5665352A323679002BFBDB /* Release */,
			);
			defaultConfigurationIsVisible = 0;
			defaultConfigurationName = Release;
		};
/* End XCConfigurationList section */

/* Begin XCRemoteSwiftPackageReference section */
		6C01D1832A323A8200A3993F /* XCRemoteSwiftPackageReference "SDWebImageSwiftUI" */ = {
			isa = XCRemoteSwiftPackageReference;
			repositoryURL = "https://github.com/SDWebImage/SDWebImageSwiftUI.git";
			requirement = {
				kind = upToNextMajorVersion;
				minimumVersion = 2.0.0;
			};
		};
		6C5665362A323766002BFBDB /* XCRemoteSwiftPackageReference "firebase-ios-sdk" */ = {
			isa = XCRemoteSwiftPackageReference;
			repositoryURL = "https://github.com/firebase/firebase-ios-sdk.git";
			requirement = {
				kind = upToNextMajorVersion;
				minimumVersion = 10.0.0;
			};
		};
		6C56656D2A3237E1002BFBDB /* XCRemoteSwiftPackageReference "Alamofire" */ = {
			isa = XCRemoteSwiftPackageReference;
			repositoryURL = "https://github.com/Alamofire/Alamofire.git";
			requirement = {
				kind = upToNextMajorVersion;
				minimumVersion = 5.0.0;
			};
		};
		6C5665702A323810002BFBDB /* XCRemoteSwiftPackageReference "GoogleSignIn-iOS" */ = {
			isa = XCRemoteSwiftPackageReference;
			repositoryURL = "https://github.com/google/GoogleSignIn-iOS";
			requirement = {
				kind = upToNextMajorVersion;
				minimumVersion = 7.0.0;
			};
		};
		6C5665752A323837002BFBDB /* XCRemoteSwiftPackageReference "GoogleMaps-SP" */ = {
			isa = XCRemoteSwiftPackageReference;
			repositoryURL = "https://github.com/YAtechnologies/GoogleMaps-SP.git";
			requirement = {
				kind = upToNextMajorVersion;
				minimumVersion = 7.0.0;
			};
		};
/* End XCRemoteSwiftPackageReference section */

/* Begin XCSwiftPackageProductDependency section */
		6C01D1842A323A8200A3993F /* SDWebImageSwiftUI */ = {
			isa = XCSwiftPackageProductDependency;
			package = 6C01D1832A323A8200A3993F /* XCRemoteSwiftPackageReference "SDWebImageSwiftUI" */;
			productName = SDWebImageSwiftUI;
		};
		6C5665372A323766002BFBDB /* FirebaseAnalytics */ = {
			isa = XCSwiftPackageProductDependency;
			package = 6C5665362A323766002BFBDB /* XCRemoteSwiftPackageReference "firebase-ios-sdk" */;
			productName = FirebaseAnalytics;
		};
		6C5665392A323766002BFBDB /* FirebaseAnalyticsOnDeviceConversion */ = {
			isa = XCSwiftPackageProductDependency;
			package = 6C5665362A323766002BFBDB /* XCRemoteSwiftPackageReference "firebase-ios-sdk" */;
			productName = FirebaseAnalyticsOnDeviceConversion;
		};
		6C56653B2A323766002BFBDB /* FirebaseAnalyticsSwift */ = {
			isa = XCSwiftPackageProductDependency;
			package = 6C5665362A323766002BFBDB /* XCRemoteSwiftPackageReference "firebase-ios-sdk" */;
			productName = FirebaseAnalyticsSwift;
		};
		6C56653D2A323766002BFBDB /* FirebaseAnalyticsWithoutAdIdSupport */ = {
			isa = XCSwiftPackageProductDependency;
			package = 6C5665362A323766002BFBDB /* XCRemoteSwiftPackageReference "firebase-ios-sdk" */;
			productName = FirebaseAnalyticsWithoutAdIdSupport;
		};
		6C56653F2A323766002BFBDB /* FirebaseAppCheck */ = {
			isa = XCSwiftPackageProductDependency;
			package = 6C5665362A323766002BFBDB /* XCRemoteSwiftPackageReference "firebase-ios-sdk" */;
			productName = FirebaseAppCheck;
		};
		6C5665412A323766002BFBDB /* FirebaseAppDistribution-Beta */ = {
			isa = XCSwiftPackageProductDependency;
			package = 6C5665362A323766002BFBDB /* XCRemoteSwiftPackageReference "firebase-ios-sdk" */;
			productName = "FirebaseAppDistribution-Beta";
		};
		6C5665432A323766002BFBDB /* FirebaseAuth */ = {
			isa = XCSwiftPackageProductDependency;
			package = 6C5665362A323766002BFBDB /* XCRemoteSwiftPackageReference "firebase-ios-sdk" */;
			productName = FirebaseAuth;
		};
		6C5665452A323766002BFBDB /* FirebaseAuthCombine-Community */ = {
			isa = XCSwiftPackageProductDependency;
			package = 6C5665362A323766002BFBDB /* XCRemoteSwiftPackageReference "firebase-ios-sdk" */;
			productName = "FirebaseAuthCombine-Community";
		};
		6C5665472A323766002BFBDB /* FirebaseCrashlytics */ = {
			isa = XCSwiftPackageProductDependency;
			package = 6C5665362A323766002BFBDB /* XCRemoteSwiftPackageReference "firebase-ios-sdk" */;
			productName = FirebaseCrashlytics;
		};
		6C5665492A323766002BFBDB /* FirebaseDatabase */ = {
			isa = XCSwiftPackageProductDependency;
			package = 6C5665362A323766002BFBDB /* XCRemoteSwiftPackageReference "firebase-ios-sdk" */;
			productName = FirebaseDatabase;
		};
		6C56654B2A323766002BFBDB /* FirebaseDatabaseSwift */ = {
			isa = XCSwiftPackageProductDependency;
			package = 6C5665362A323766002BFBDB /* XCRemoteSwiftPackageReference "firebase-ios-sdk" */;
			productName = FirebaseDatabaseSwift;
		};
		6C56654D2A323766002BFBDB /* FirebaseDynamicLinks */ = {
			isa = XCSwiftPackageProductDependency;
			package = 6C5665362A323766002BFBDB /* XCRemoteSwiftPackageReference "firebase-ios-sdk" */;
			productName = FirebaseDynamicLinks;
		};
		6C56654F2A323766002BFBDB /* FirebaseFirestore */ = {
			isa = XCSwiftPackageProductDependency;
			package = 6C5665362A323766002BFBDB /* XCRemoteSwiftPackageReference "firebase-ios-sdk" */;
			productName = FirebaseFirestore;
		};
		6C5665512A323766002BFBDB /* FirebaseFirestoreCombine-Community */ = {
			isa = XCSwiftPackageProductDependency;
			package = 6C5665362A323766002BFBDB /* XCRemoteSwiftPackageReference "firebase-ios-sdk" */;
			productName = "FirebaseFirestoreCombine-Community";
		};
		6C5665532A323766002BFBDB /* FirebaseFirestoreSwift */ = {
			isa = XCSwiftPackageProductDependency;
			package = 6C5665362A323766002BFBDB /* XCRemoteSwiftPackageReference "firebase-ios-sdk" */;
			productName = FirebaseFirestoreSwift;
		};
		6C5665552A323766002BFBDB /* FirebaseFunctions */ = {
			isa = XCSwiftPackageProductDependency;
			package = 6C5665362A323766002BFBDB /* XCRemoteSwiftPackageReference "firebase-ios-sdk" */;
			productName = FirebaseFunctions;
		};
		6C5665572A323766002BFBDB /* FirebaseFunctionsCombine-Community */ = {
			isa = XCSwiftPackageProductDependency;
			package = 6C5665362A323766002BFBDB /* XCRemoteSwiftPackageReference "firebase-ios-sdk" */;
			productName = "FirebaseFunctionsCombine-Community";
		};
		6C5665592A323766002BFBDB /* FirebaseInAppMessaging-Beta */ = {
			isa = XCSwiftPackageProductDependency;
			package = 6C5665362A323766002BFBDB /* XCRemoteSwiftPackageReference "firebase-ios-sdk" */;
			productName = "FirebaseInAppMessaging-Beta";
		};
		6C56655B2A323766002BFBDB /* FirebaseInAppMessagingSwift-Beta */ = {
			isa = XCSwiftPackageProductDependency;
			package = 6C5665362A323766002BFBDB /* XCRemoteSwiftPackageReference "firebase-ios-sdk" */;
			productName = "FirebaseInAppMessagingSwift-Beta";
		};
		6C56655D2A323766002BFBDB /* FirebaseInstallations */ = {
			isa = XCSwiftPackageProductDependency;
			package = 6C5665362A323766002BFBDB /* XCRemoteSwiftPackageReference "firebase-ios-sdk" */;
			productName = FirebaseInstallations;
		};
		6C56655F2A323766002BFBDB /* FirebaseMLModelDownloader */ = {
			isa = XCSwiftPackageProductDependency;
			package = 6C5665362A323766002BFBDB /* XCRemoteSwiftPackageReference "firebase-ios-sdk" */;
			productName = FirebaseMLModelDownloader;
		};
		6C5665612A323766002BFBDB /* FirebaseMessaging */ = {
			isa = XCSwiftPackageProductDependency;
			package = 6C5665362A323766002BFBDB /* XCRemoteSwiftPackageReference "firebase-ios-sdk" */;
			productName = FirebaseMessaging;
		};
		6C5665632A323766002BFBDB /* FirebasePerformance */ = {
			isa = XCSwiftPackageProductDependency;
			package = 6C5665362A323766002BFBDB /* XCRemoteSwiftPackageReference "firebase-ios-sdk" */;
			productName = FirebasePerformance;
		};
		6C5665652A323766002BFBDB /* FirebaseRemoteConfig */ = {
			isa = XCSwiftPackageProductDependency;
			package = 6C5665362A323766002BFBDB /* XCRemoteSwiftPackageReference "firebase-ios-sdk" */;
			productName = FirebaseRemoteConfig;
		};
		6C5665672A323766002BFBDB /* FirebaseRemoteConfigSwift */ = {
			isa = XCSwiftPackageProductDependency;
			package = 6C5665362A323766002BFBDB /* XCRemoteSwiftPackageReference "firebase-ios-sdk" */;
			productName = FirebaseRemoteConfigSwift;
		};
		6C5665692A323766002BFBDB /* FirebaseStorage */ = {
			isa = XCSwiftPackageProductDependency;
			package = 6C5665362A323766002BFBDB /* XCRemoteSwiftPackageReference "firebase-ios-sdk" */;
			productName = FirebaseStorage;
		};
		6C56656B2A323766002BFBDB /* FirebaseStorageCombine-Community */ = {
			isa = XCSwiftPackageProductDependency;
			package = 6C5665362A323766002BFBDB /* XCRemoteSwiftPackageReference "firebase-ios-sdk" */;
			productName = "FirebaseStorageCombine-Community";
		};
		6C56656E2A3237E1002BFBDB /* Alamofire */ = {
			isa = XCSwiftPackageProductDependency;
			package = 6C56656D2A3237E1002BFBDB /* XCRemoteSwiftPackageReference "Alamofire" */;
			productName = Alamofire;
		};
		6C5665712A323810002BFBDB /* GoogleSignIn */ = {
			isa = XCSwiftPackageProductDependency;
			package = 6C5665702A323810002BFBDB /* XCRemoteSwiftPackageReference "GoogleSignIn-iOS" */;
			productName = GoogleSignIn;
		};
		6C5665732A323810002BFBDB /* GoogleSignInSwift */ = {
			isa = XCSwiftPackageProductDependency;
			package = 6C5665702A323810002BFBDB /* XCRemoteSwiftPackageReference "GoogleSignIn-iOS" */;
			productName = GoogleSignInSwift;
		};
		6C5665762A323837002BFBDB /* GoogleMaps */ = {
			isa = XCSwiftPackageProductDependency;
			package = 6C5665752A323837002BFBDB /* XCRemoteSwiftPackageReference "GoogleMaps-SP" */;
			productName = GoogleMaps;
		};
/* End XCSwiftPackageProductDependency section */
	};
	rootObject = 6C56651D2A323678002BFBDB /* Project object */;
}
